
Microsoft Visual Studio Solution File, Format Version 12.00
# Visual Studio 2012
Project("{FAE04EC0-301F-11D3-BF4B-00C04F79EFBC}") = "PanGestureRecognizerIssueReproduction", "PanGestureRecognizerIssueReproduction.csproj", "{3FD011D1-4DD9-4870-9BFF-7C5BB21FD54A}"
EndProject
Project("{FAE04EC0-301F-11D3-BF4B-00C04F79EFBC}") = "PanGestureRecognizerIssueReproduction.Droid", "Droid\PanGestureRecognizerIssueReproduction.Droid.csproj", "{E4431D12-E4BB-44DC-9F66-0C3502482ECE}"
EndProject
Global
	GlobalSection(SolutionConfigurationPlatforms) = preSolution
		Debug|Any CPU = Debug|Any CPU
		Release|Any CPU = Release|Any CPU
	EndGlobalSection
	GlobalSection(ProjectConfigurationPlatforms) = postSolution
		{3FD011D1-4DD9-4870-9BFF-7C5BB21FD54A}.Debug|Any CPU.ActiveCfg = Debug|Any CPU
		{3FD011D1-4DD9-4870-9BFF-7C5BB21FD54A}.Debug|Any CPU.Build.0 = Debug|Any CPU
		{3FD011D1-4DD9-4870-9BFF-7C5BB21FD54A}.Release|Any CPU.ActiveCfg = Release|Any CPU
		{3FD011D1-4DD9-4870-9BFF-7C5BB21FD54A}.Release|Any CPU.Build.0 = Release|Any CPU
		{E4431D12-E4BB-44DC-9F66-0C3502482ECE}.Debug|Any CPU.ActiveCfg = Debug|Any CPU
		{E4431D12-E4BB-44DC-9F66-0C3502482ECE}.Debug|Any CPU.Build.0 = Debug|Any CPU
		{E4431D12-E4BB-44DC-9F66-0C3502482ECE}.Release|Any CPU.ActiveCfg = Release|Any CPU
		{E4431D12-E4BB-44DC-9F66-0C3502482ECE}.Release|Any CPU.Build.0 = Release|Any CPU
	EndGlobalSection
EndGlobal
